// !$*UTF8*$!
{
	archiveVersion = 1;
	classes = {
	};
	objectVersion = 46;
	objects = {

/* Begin PBXBuildFile section */
		9749ECB419A1EB0200333B3E /* NewsMode.m in Sources */ = {isa = PBXBuildFile; fileRef = 9749ECAA19A1EB0200333B3E /* NewsMode.m */; };
		9749ECB519A1EB0200333B3E /* DataBase.m in Sources */ = {isa = PBXBuildFile; fileRef = 9749ECAD19A1EB0200333B3E /* DataBase.m */; };
		9749ECB819A1EB0200333B3E /* NewsCell.m in Sources */ = {isa = PBXBuildFile; fileRef = 9749ECB319A1EB0200333B3E /* NewsCell.m */; };
		9749ECBE19A1EC2B00333B3E /* DownLoad.m in Sources */ = {isa = PBXBuildFile; fileRef = 9749ECBB19A1EC2B00333B3E /* DownLoad.m */; };
		9749ECBF19A1EC2B00333B3E /* DownLoadManager.m in Sources */ = {isa = PBXBuildFile; fileRef = 9749ECBD19A1EC2B00333B3E /* DownLoadManager.m */; };
		9749ECC119A1FEE100333B3E /* test.png in Resources */ = {isa = PBXBuildFile; fileRef = 9749ECC019A1FEE100333B3E /* test.png */; };
		975FB45419AC578C00B7D7E4 /* Security.framework in Frameworks */ = {isa = PBXBuildFile; fileRef = 975FB45319AC578C00B7D7E4 /* Security.framework */; };
		975FB45619AC579700B7D7E4 /* SystemConfiguration.framework in Frameworks */ = {isa = PBXBuildFile; fileRef = 975FB45519AC579700B7D7E4 /* SystemConfiguration.framework */; };
		975FB45819AC57A300B7D7E4 /* OpenGLES.framework in Frameworks */ = {isa = PBXBuildFile; fileRef = 975FB45719AC57A300B7D7E4 /* OpenGLES.framework */; };
		975FB45A19AC57B200B7D7E4 /* CoreLocation.framework in Frameworks */ = {isa = PBXBuildFile; fileRef = 975FB45919AC57B200B7D7E4 /* CoreLocation.framework */; };
		975FB45C19AC57C000B7D7E4 /* QuartzCore.framework in Frameworks */ = {isa = PBXBuildFile; fileRef = 975FB45B19AC57C000B7D7E4 /* QuartzCore.framework */; };
		975FB4DC19AC58EB00B7D7E4 /* mapapi.bundle in Resources */ = {isa = PBXBuildFile; fileRef = 975FB4D919AC58EB00B7D7E4 /* mapapi.bundle */; };
		975FB4DD19AC58EB00B7D7E4 /* libbaidumapapi.a in Frameworks */ = {isa = PBXBuildFile; fileRef = 975FB4DB19AC58EB00B7D7E4 /* libbaidumapapi.a */; };
		975FB4E419AC5D3900B7D7E4 /* MyAnnotation.m in Sources */ = {isa = PBXBuildFile; fileRef = 975FB4E319AC5D3900B7D7E4 /* MyAnnotation.m */; };
		97600E7319A88A11005C9387 /* run1@2x.png in Resources */ = {isa = PBXBuildFile; fileRef = 97600E7119A88A11005C9387 /* run1@2x.png */; };
		97600E7419A88A11005C9387 /* run2@2x.png in Resources */ = {isa = PBXBuildFile; fileRef = 97600E7219A88A11005C9387 /* run2@2x.png */; };
		977B661119A6E663003C308D /* DownloadView.m in Sources */ = {isa = PBXBuildFile; fileRef = 977B661019A6E662003C308D /* DownloadView.m */; };
		9794F2FD19AB239F001EAF09 /* AnimationView.m in Sources */ = {isa = PBXBuildFile; fileRef = 9794F2FC19AB239F001EAF09 /* AnimationView.m */; };
		9794F30019AB240D001EAF09 /* DataPicker.m in Sources */ = {isa = PBXBuildFile; fileRef = 9794F2FF19AB240D001EAF09 /* DataPicker.m */; };
		97BE3440199EFAE600ED3450 /* Foundation.framework in Frameworks */ = {isa = PBXBuildFile; fileRef = 97BE343F199EFAE600ED3450 /* Foundation.framework */; };
		97BE3442199EFAE600ED3450 /* CoreGraphics.framework in Frameworks */ = {isa = PBXBuildFile; fileRef = 97BE3441199EFAE600ED3450 /* CoreGraphics.framework */; };
		97BE3444199EFAE600ED3450 /* UIKit.framework in Frameworks */ = {isa = PBXBuildFile; fileRef = 97BE3443199EFAE600ED3450 /* UIKit.framework */; };
		97BE344A199EFAE600ED3450 /* InfoPlist.strings in Resources */ = {isa = PBXBuildFile; fileRef = 97BE3448199EFAE600ED3450 /* InfoPlist.strings */; };
		97BE344C199EFAE600ED3450 /* main.m in Sources */ = {isa = PBXBuildFile; fileRef = 97BE344B199EFAE600ED3450 /* main.m */; };
		97BE3450199EFAE600ED3450 /* SYAppDelegate.m in Sources */ = {isa = PBXBuildFile; fileRef = 97BE344F199EFAE600ED3450 /* SYAppDelegate.m */; };
		97BE3452199EFAE600ED3450 /* Images.xcassets in Resources */ = {isa = PBXBuildFile; fileRef = 97BE3451199EFAE600ED3450 /* Images.xcassets */; };
		97BE3459199EFAE600ED3450 /* XCTest.framework in Frameworks */ = {isa = PBXBuildFile; fileRef = 97BE3458199EFAE600ED3450 /* XCTest.framework */; };
		97BE345A199EFAE600ED3450 /* Foundation.framework in Frameworks */ = {isa = PBXBuildFile; fileRef = 97BE343F199EFAE600ED3450 /* Foundation.framework */; };
		97BE345B199EFAE600ED3450 /* UIKit.framework in Frameworks */ = {isa = PBXBuildFile; fileRef = 97BE3443199EFAE600ED3450 /* UIKit.framework */; };
		97BE3463199EFAE600ED3450 /* InfoPlist.strings in Resources */ = {isa = PBXBuildFile; fileRef = 97BE3461199EFAE600ED3450 /* InfoPlist.strings */; };
		97BE3465199EFAE600ED3450 /* DemoTests.m in Sources */ = {isa = PBXBuildFile; fileRef = 97BE3464199EFAE600ED3450 /* DemoTests.m */; };
		97BE3473199EFEB000ED3450 /* RootViewController.mm in Sources */ = {isa = PBXBuildFile; fileRef = 97BE3472199EFEB000ED3450 /* RootViewController.mm */; };
		97BE3476199F212900ED3450 /* CircleView.m in Sources */ = {isa = PBXBuildFile; fileRef = 97BE3475199F212900ED3450 /* CircleView.m */; };
		97DC27CD19A1C77900EF8256 /* FMDatabase.m in Sources */ = {isa = PBXBuildFile; fileRef = 97DC27C419A1C77900EF8256 /* FMDatabase.m */; settings = {COMPILER_FLAGS = "-fno-objc-arc"; }; };
		97DC27CE19A1C77900EF8256 /* FMDatabaseAdditions.m in Sources */ = {isa = PBXBuildFile; fileRef = 97DC27C619A1C77900EF8256 /* FMDatabaseAdditions.m */; settings = {COMPILER_FLAGS = "-fno-objc-arc"; }; };
		97DC27CF19A1C77900EF8256 /* FMDatabasePool.m in Sources */ = {isa = PBXBuildFile; fileRef = 97DC27C819A1C77900EF8256 /* FMDatabasePool.m */; settings = {COMPILER_FLAGS = "-fno-objc-arc"; }; };
		97DC27D019A1C77900EF8256 /* FMDatabaseQueue.m in Sources */ = {isa = PBXBuildFile; fileRef = 97DC27CA19A1C77900EF8256 /* FMDatabaseQueue.m */; settings = {COMPILER_FLAGS = "-fno-objc-arc"; }; };
		97DC27D119A1C77900EF8256 /* FMResultSet.m in Sources */ = {isa = PBXBuildFile; fileRef = 97DC27CC19A1C77900EF8256 /* FMResultSet.m */; settings = {COMPILER_FLAGS = "-fno-objc-arc"; }; };
		97DC27DE19A1D8C300EF8256 /* NewsViewController.m in Sources */ = {isa = PBXBuildFile; fileRef = 97DC27DD19A1D8C300EF8256 /* NewsViewController.m */; };
		97DC27E019A1DBFF00EF8256 /* libsqlite3.0.dylib in Frameworks */ = {isa = PBXBuildFile; fileRef = 97DC27DF19A1DBFF00EF8256 /* libsqlite3.0.dylib */; };
		97DC27F919A1E25000EF8256 /* LICENSE in Resources */ = {isa = PBXBuildFile; fileRef = 97DC27E519A1E25000EF8256 /* LICENSE */; };
		97DC27FA19A1E25000EF8256 /* README.md in Resources */ = {isa = PBXBuildFile; fileRef = 97DC27E619A1E25000EF8256 /* README.md */; };
		97DC27FB19A1E25000EF8256 /* SDImageCache.m in Sources */ = {isa = PBXBuildFile; fileRef = 97DC27E819A1E25000EF8256 /* SDImageCache.m */; settings = {COMPILER_FLAGS = "-fno-objc-arc"; }; };
		97DC27FC19A1E25000EF8256 /* SDWebImageDecoder.m in Sources */ = {isa = PBXBuildFile; fileRef = 97DC27EC19A1E25000EF8256 /* SDWebImageDecoder.m */; settings = {COMPILER_FLAGS = "-fno-objc-arc"; }; };
		97DC27FD19A1E25000EF8256 /* SDWebImageDownloader.m in Sources */ = {isa = PBXBuildFile; fileRef = 97DC27EE19A1E25000EF8256 /* SDWebImageDownloader.m */; settings = {COMPILER_FLAGS = "-fno-objc-arc"; }; };
		97DC27FE19A1E25000EF8256 /* SDWebImageManager.m in Sources */ = {isa = PBXBuildFile; fileRef = 97DC27F119A1E25000EF8256 /* SDWebImageManager.m */; settings = {COMPILER_FLAGS = "-fno-objc-arc"; }; };
		97DC27FF19A1E25000EF8256 /* SDWebImagePrefetcher.m in Sources */ = {isa = PBXBuildFile; fileRef = 97DC27F419A1E25000EF8256 /* SDWebImagePrefetcher.m */; settings = {COMPILER_FLAGS = "-fno-objc-arc"; }; };
		97DC280019A1E25000EF8256 /* UIButton+WebCache.m in Sources */ = {isa = PBXBuildFile; fileRef = 97DC27F619A1E25000EF8256 /* UIButton+WebCache.m */; settings = {COMPILER_FLAGS = "-fno-objc-arc"; }; };
		97DC280119A1E25000EF8256 /* UIImageView+WebCache.m in Sources */ = {isa = PBXBuildFile; fileRef = 97DC27F819A1E25000EF8256 /* UIImageView+WebCache.m */; settings = {COMPILER_FLAGS = "-fno-objc-arc"; }; };
/* End PBXBuildFile section */

/* Begin PBXContainerItemProxy section */
		97BE345C199EFAE600ED3450 /* PBXContainerItemProxy */ = {
			isa = PBXContainerItemProxy;
			containerPortal = 97BE3434199EFAE600ED3450 /* Project object */;
			proxyType = 1;
			remoteGlobalIDString = 97BE343B199EFAE600ED3450;
			remoteInfo = Demo;
		};
/* End PBXContainerItemProxy section */

/* Begin PBXFileReference section */
		9749ECA919A1EB0200333B3E /* NewsMode.h */ = {isa = PBXFileReference; fileEncoding = 4; lastKnownFileType = sourcecode.c.h; path = NewsMode.h; sourceTree = "<group>"; };
		9749ECAA19A1EB0200333B3E /* NewsMode.m */ = {isa = PBXFileReference; fileEncoding = 4; lastKnownFileType = sourcecode.c.objc; path = NewsMode.m; sourceTree = "<group>"; };
		9749ECAC19A1EB0200333B3E /* DataBase.h */ = {isa = PBXFileReference; fileEncoding = 4; lastKnownFileType = sourcecode.c.h; path = DataBase.h; sourceTree = "<group>"; };
		9749ECAD19A1EB0200333B3E /* DataBase.m */ = {isa = PBXFileReference; fileEncoding = 4; lastKnownFileType = sourcecode.c.objc; path = DataBase.m; sourceTree = "<group>"; };
		9749ECB219A1EB0200333B3E /* NewsCell.h */ = {isa = PBXFileReference; fileEncoding = 4; lastKnownFileType = sourcecode.c.h; path = NewsCell.h; sourceTree = "<group>"; };
		9749ECB319A1EB0200333B3E /* NewsCell.m */ = {isa = PBXFileReference; fileEncoding = 4; lastKnownFileType = sourcecode.c.objc; path = NewsCell.m; sourceTree = "<group>"; };
		9749ECBA19A1EC2B00333B3E /* DownLoad.h */ = {isa = PBXFileReference; fileEncoding = 4; lastKnownFileType = sourcecode.c.h; path = DownLoad.h; sourceTree = "<group>"; };
		9749ECBB19A1EC2B00333B3E /* DownLoad.m */ = {isa = PBXFileReference; fileEncoding = 4; lastKnownFileType = sourcecode.c.objc; path = DownLoad.m; sourceTree = "<group>"; };
		9749ECBC19A1EC2B00333B3E /* DownLoadManager.h */ = {isa = PBXFileReference; fileEncoding = 4; lastKnownFileType = sourcecode.c.h; path = DownLoadManager.h; sourceTree = "<group>"; };
		9749ECBD19A1EC2B00333B3E /* DownLoadManager.m */ = {isa = PBXFileReference; fileEncoding = 4; lastKnownFileType = sourcecode.c.objc; path = DownLoadManager.m; sourceTree = "<group>"; };
		9749ECC019A1FEE100333B3E /* test.png */ = {isa = PBXFileReference; lastKnownFileType = image.png; path = test.png; sourceTree = "<group>"; };
		975FB45319AC578C00B7D7E4 /* Security.framework */ = {isa = PBXFileReference; lastKnownFileType = wrapper.framework; name = Security.framework; path = System/Library/Frameworks/Security.framework; sourceTree = SDKROOT; };
		975FB45519AC579700B7D7E4 /* SystemConfiguration.framework */ = {isa = PBXFileReference; lastKnownFileType = wrapper.framework; name = SystemConfiguration.framework; path = System/Library/Frameworks/SystemConfiguration.framework; sourceTree = SDKROOT; };
		975FB45719AC57A300B7D7E4 /* OpenGLES.framework */ = {isa = PBXFileReference; lastKnownFileType = wrapper.framework; name = OpenGLES.framework; path = System/Library/Frameworks/OpenGLES.framework; sourceTree = SDKROOT; };
		975FB45919AC57B200B7D7E4 /* CoreLocation.framework */ = {isa = PBXFileReference; lastKnownFileType = wrapper.framework; name = CoreLocation.framework; path = System/Library/Frameworks/CoreLocation.framework; sourceTree = SDKROOT; };
		975FB45B19AC57C000B7D7E4 /* QuartzCore.framework */ = {isa = PBXFileReference; lastKnownFileType = wrapper.framework; name = QuartzCore.framework; path = System/Library/Frameworks/QuartzCore.framework; sourceTree = SDKROOT; };
		975FB49E19AC58EB00B7D7E4 /* BMapKit.h */ = {isa = PBXFileReference; fileEncoding = 4; lastKnownFileType = sourcecode.c.h; path = BMapKit.h; sourceTree = "<group>"; };
		975FB49F19AC58EB00B7D7E4 /* BMKActionPaopaoView.h */ = {isa = PBXFileReference; fileEncoding = 4; lastKnownFileType = sourcecode.c.h; path = BMKActionPaopaoView.h; sourceTree = "<group>"; };
		975FB4A019AC58EB00B7D7E4 /* BMKAnnotation.h */ = {isa = PBXFileReference; fileEncoding = 4; lastKnownFileType = sourcecode.c.h; path = BMKAnnotation.h; sourceTree = "<group>"; };
		975FB4A119AC58EB00B7D7E4 /* BMKAnnotationView.h */ = {isa = PBXFileReference; fileEncoding = 4; lastKnownFileType = sourcecode.c.h; path = BMKAnnotationView.h; sourceTree = "<group>"; };
		975FB4A219AC58EB00B7D7E4 /* BMKArcline.h */ = {isa = PBXFileReference; fileEncoding = 4; lastKnownFileType = sourcecode.c.h; path = BMKArcline.h; sourceTree = "<group>"; };
		975FB4A319AC58EB00B7D7E4 /* BMKArclineView.h */ = {isa = PBXFileReference; fileEncoding = 4; lastKnownFileType = sourcecode.c.h; path = BMKArclineView.h; sourceTree = "<group>"; };
		975FB4A419AC58EB00B7D7E4 /* BMKBaseComponent.h */ = {isa = PBXFileReference; fileEncoding = 4; lastKnownFileType = sourcecode.c.h; path = BMKBaseComponent.h; sourceTree = "<group>"; };
		975FB4A519AC58EB00B7D7E4 /* BMKBusLineSearch.h */ = {isa = PBXFileReference; fileEncoding = 4; lastKnownFileType = sourcecode.c.h; path = BMKBusLineSearch.h; sourceTree = "<group>"; };
		975FB4A619AC58EB00B7D7E4 /* BMKBusLineSearchOption.h */ = {isa = PBXFileReference; fileEncoding = 4; lastKnownFileType = sourcecode.c.h; path = BMKBusLineSearchOption.h; sourceTree = "<group>"; };
		975FB4A719AC58EB00B7D7E4 /* BMKCircle.h */ = {isa = PBXFileReference; fileEncoding = 4; lastKnownFileType = sourcecode.c.h; path = BMKCircle.h; sourceTree = "<group>"; };
		975FB4A819AC58EB00B7D7E4 /* BMKCircleView.h */ = {isa = PBXFileReference; fileEncoding = 4; lastKnownFileType = sourcecode.c.h; path = BMKCircleView.h; sourceTree = "<group>"; };
		975FB4A919AC58EB00B7D7E4 /* BMKCloudPOIList.h */ = {isa = PBXFileReference; fileEncoding = 4; lastKnownFileType = sourcecode.c.h; path = BMKCloudPOIList.h; sourceTree = "<group>"; };
		975FB4AA19AC58EB00B7D7E4 /* BMKCloudSearch.h */ = {isa = PBXFileReference; fileEncoding = 4; lastKnownFileType = sourcecode.c.h; path = BMKCloudSearch.h; sourceTree = "<group>"; };
		975FB4AB19AC58EB00B7D7E4 /* BMKCloudSearchComponent.h */ = {isa = PBXFileReference; fileEncoding = 4; lastKnownFileType = sourcecode.c.h; path = BMKCloudSearchComponent.h; sourceTree = "<group>"; };
		975FB4AC19AC58EB00B7D7E4 /* BMKCloudSearchInfo.h */ = {isa = PBXFileReference; fileEncoding = 4; lastKnownFileType = sourcecode.c.h; path = BMKCloudSearchInfo.h; sourceTree = "<group>"; };
		975FB4AD19AC58EB00B7D7E4 /* BMKGeneralDelegate.h */ = {isa = PBXFileReference; fileEncoding = 4; lastKnownFileType = sourcecode.c.h; path = BMKGeneralDelegate.h; sourceTree = "<group>"; };
		975FB4AE19AC58EB00B7D7E4 /* BMKGeocodeSearch.h */ = {isa = PBXFileReference; fileEncoding = 4; lastKnownFileType = sourcecode.c.h; path = BMKGeocodeSearch.h; sourceTree = "<group>"; };
		975FB4AF19AC58EB00B7D7E4 /* BMKGeocodeSearchOption.h */ = {isa = PBXFileReference; fileEncoding = 4; lastKnownFileType = sourcecode.c.h; path = BMKGeocodeSearchOption.h; sourceTree = "<group>"; };
		975FB4B019AC58EB00B7D7E4 /* BMKGeocodeType.h */ = {isa = PBXFileReference; fileEncoding = 4; lastKnownFileType = sourcecode.c.h; path = BMKGeocodeType.h; sourceTree = "<group>"; };
		975FB4B119AC58EB00B7D7E4 /* BMKGeometry.h */ = {isa = PBXFileReference; fileEncoding = 4; lastKnownFileType = sourcecode.c.h; path = BMKGeometry.h; sourceTree = "<group>"; };
		975FB4B219AC58EB00B7D7E4 /* BMKGroundOverlay.h */ = {isa = PBXFileReference; fileEncoding = 4; lastKnownFileType = sourcecode.c.h; path = BMKGroundOverlay.h; sourceTree = "<group>"; };
		975FB4B319AC58EB00B7D7E4 /* BMKGroundOverlayView.h */ = {isa = PBXFileReference; fileEncoding = 4; lastKnownFileType = sourcecode.c.h; path = BMKGroundOverlayView.h; sourceTree = "<group>"; };
		975FB4B419AC58EB00B7D7E4 /* BMKLocationComponent.h */ = {isa = PBXFileReference; fileEncoding = 4; lastKnownFileType = sourcecode.c.h; path = BMKLocationComponent.h; sourceTree = "<group>"; };
		975FB4B519AC58EB00B7D7E4 /* BMKLocationService.h */ = {isa = PBXFileReference; fileEncoding = 4; lastKnownFileType = sourcecode.c.h; path = BMKLocationService.h; sourceTree = "<group>"; };
		975FB4B619AC58EB00B7D7E4 /* BMKLocationViewDisplayParam.h */ = {isa = PBXFileReference; fileEncoding = 4; lastKnownFileType = sourcecode.c.h; path = BMKLocationViewDisplayParam.h; sourceTree = "<group>"; };
		975FB4B719AC58EB00B7D7E4 /* BMKMapComponent.h */ = {isa = PBXFileReference; fileEncoding = 4; lastKnownFileType = sourcecode.c.h; path = BMKMapComponent.h; sourceTree = "<group>"; };
		975FB4B819AC58EB00B7D7E4 /* BMKMapManager.h */ = {isa = PBXFileReference; fileEncoding = 4; lastKnownFileType = sourcecode.c.h; path = BMKMapManager.h; sourceTree = "<group>"; };
		975FB4B919AC58EB00B7D7E4 /* BMKMapStatus.h */ = {isa = PBXFileReference; fileEncoding = 4; lastKnownFileType = sourcecode.c.h; path = BMKMapStatus.h; sourceTree = "<group>"; };
		975FB4BA19AC58EB00B7D7E4 /* BMKMapView.h */ = {isa = PBXFileReference; fileEncoding = 4; lastKnownFileType = sourcecode.c.h; path = BMKMapView.h; sourceTree = "<group>"; };
		975FB4BB19AC58EB00B7D7E4 /* BMKMultiPoint.h */ = {isa = PBXFileReference; fileEncoding = 4; lastKnownFileType = sourcecode.c.h; path = BMKMultiPoint.h; sourceTree = "<group>"; };
		975FB4BC19AC58EB00B7D7E4 /* BMKNavigation.h */ = {isa = PBXFileReference; fileEncoding = 4; lastKnownFileType = sourcecode.c.h; path = BMKNavigation.h; sourceTree = "<group>"; };
		975FB4BD19AC58EB00B7D7E4 /* BMKOfflineMap.h */ = {isa = PBXFileReference; fileEncoding = 4; lastKnownFileType = sourcecode.c.h; path = BMKOfflineMap.h; sourceTree = "<group>"; };
		975FB4BE19AC58EB00B7D7E4 /* BMKOfflineMapType.h */ = {isa = PBXFileReference; fileEncoding = 4; lastKnownFileType = sourcecode.c.h; path = BMKOfflineMapType.h; sourceTree = "<group>"; };
		975FB4BF19AC58EB00B7D7E4 /* BMKOverlay.h */ = {isa = PBXFileReference; fileEncoding = 4; lastKnownFileType = sourcecode.c.h; path = BMKOverlay.h; sourceTree = "<group>"; };
		975FB4C019AC58EB00B7D7E4 /* BMKOverlayGLBasicView.h */ = {isa = PBXFileReference; fileEncoding = 4; lastKnownFileType = sourcecode.c.h; path = BMKOverlayGLBasicView.h; sourceTree = "<group>"; };
		975FB4C119AC58EB00B7D7E4 /* BMKOverlayPathView.h */ = {isa = PBXFileReference; fileEncoding = 4; lastKnownFileType = sourcecode.c.h; path = BMKOverlayPathView.h; sourceTree = "<group>"; };
		975FB4C219AC58EB00B7D7E4 /* BMKOverlayView.h */ = {isa = PBXFileReference; fileEncoding = 4; lastKnownFileType = sourcecode.c.h; path = BMKOverlayView.h; sourceTree = "<group>"; };
		975FB4C319AC58EB00B7D7E4 /* BMKPinAnnotationView.h */ = {isa = PBXFileReference; fileEncoding = 4; lastKnownFileType = sourcecode.c.h; path = BMKPinAnnotationView.h; sourceTree = "<group>"; };
		975FB4C419AC58EB00B7D7E4 /* BMKPointAnnotation.h */ = {isa = PBXFileReference; fileEncoding = 4; lastKnownFileType = sourcecode.c.h; path = BMKPointAnnotation.h; sourceTree = "<group>"; };
		975FB4C519AC58EB00B7D7E4 /* BMKPoiSearch.h */ = {isa = PBXFileReference; fileEncoding = 4; lastKnownFileType = sourcecode.c.h; path = BMKPoiSearch.h; sourceTree = "<group>"; };
		975FB4C619AC58EB00B7D7E4 /* BMKPoiSearchOption.h */ = {isa = PBXFileReference; fileEncoding = 4; lastKnownFileType = sourcecode.c.h; path = BMKPoiSearchOption.h; sourceTree = "<group>"; };
		975FB4C719AC58EB00B7D7E4 /* BMKPoiSearchType.h */ = {isa = PBXFileReference; fileEncoding = 4; lastKnownFileType = sourcecode.c.h; path = BMKPoiSearchType.h; sourceTree = "<group>"; };
		975FB4C819AC58EB00B7D7E4 /* BMKPolygon.h */ = {isa = PBXFileReference; fileEncoding = 4; lastKnownFileType = sourcecode.c.h; path = BMKPolygon.h; sourceTree = "<group>"; };
		975FB4C919AC58EB00B7D7E4 /* BMKPolygonView.h */ = {isa = PBXFileReference; fileEncoding = 4; lastKnownFileType = sourcecode.c.h; path = BMKPolygonView.h; sourceTree = "<group>"; };
		975FB4CA19AC58EB00B7D7E4 /* BMKPolyline.h */ = {isa = PBXFileReference; fileEncoding = 4; lastKnownFileType = sourcecode.c.h; path = BMKPolyline.h; sourceTree = "<group>"; };
		975FB4CB19AC58EB00B7D7E4 /* BMKPolylineView.h */ = {isa = PBXFileReference; fileEncoding = 4; lastKnownFileType = sourcecode.c.h; path = BMKPolylineView.h; sourceTree = "<group>"; };
		975FB4CC19AC58EB00B7D7E4 /* BMKRouteSearch.h */ = {isa = PBXFileReference; fileEncoding = 4; lastKnownFileType = sourcecode.c.h; path = BMKRouteSearch.h; sourceTree = "<group>"; };
		975FB4CD19AC58EB00B7D7E4 /* BMKRouteSearchOption.h */ = {isa = PBXFileReference; fileEncoding = 4; lastKnownFileType = sourcecode.c.h; path = BMKRouteSearchOption.h; sourceTree = "<group>"; };
		975FB4CE19AC58EB00B7D7E4 /* BMKRouteSearchType.h */ = {isa = PBXFileReference; fileEncoding = 4; lastKnownFileType = sourcecode.c.h; path = BMKRouteSearchType.h; sourceTree = "<group>"; };
		975FB4CF19AC58EB00B7D7E4 /* BMKSearchComponent.h */ = {isa = PBXFileReference; fileEncoding = 4; lastKnownFileType = sourcecode.c.h; path = BMKSearchComponent.h; sourceTree = "<group>"; };
		975FB4D019AC58EB00B7D7E4 /* BMKShape.h */ = {isa = PBXFileReference; fileEncoding = 4; lastKnownFileType = sourcecode.c.h; path = BMKShape.h; sourceTree = "<group>"; };
		975FB4D119AC58EB00B7D7E4 /* BMKShareURLSearch.h */ = {isa = PBXFileReference; fileEncoding = 4; lastKnownFileType = sourcecode.c.h; path = BMKShareURLSearch.h; sourceTree = "<group>"; };
		975FB4D219AC58EB00B7D7E4 /* BMKShareUrlSearchOption.h */ = {isa = PBXFileReference; fileEncoding = 4; lastKnownFileType = sourcecode.c.h; path = BMKShareUrlSearchOption.h; sourceTree = "<group>"; };
		975FB4D319AC58EB00B7D7E4 /* BMKSuggestionSearch.h */ = {isa = PBXFileReference; fileEncoding = 4; lastKnownFileType = sourcecode.c.h; path = BMKSuggestionSearch.h; sourceTree = "<group>"; };
		975FB4D419AC58EB00B7D7E4 /* BMKSuggestionSearchOption.h */ = {isa = PBXFileReference; fileEncoding = 4; lastKnownFileType = sourcecode.c.h; path = BMKSuggestionSearchOption.h; sourceTree = "<group>"; };
		975FB4D519AC58EB00B7D7E4 /* BMKTypes.h */ = {isa = PBXFileReference; fileEncoding = 4; lastKnownFileType = sourcecode.c.h; path = BMKTypes.h; sourceTree = "<group>"; };
		975FB4D619AC58EB00B7D7E4 /* BMKUserLocation.h */ = {isa = PBXFileReference; fileEncoding = 4; lastKnownFileType = sourcecode.c.h; path = BMKUserLocation.h; sourceTree = "<group>"; };
		975FB4D719AC58EB00B7D7E4 /* BMKUtilsComponent.h */ = {isa = PBXFileReference; fileEncoding = 4; lastKnownFileType = sourcecode.c.h; path = BMKUtilsComponent.h; sourceTree = "<group>"; };
		975FB4D819AC58EB00B7D7E4 /* BMKVersion.h */ = {isa = PBXFileReference; fileEncoding = 4; lastKnownFileType = sourcecode.c.h; path = BMKVersion.h; sourceTree = "<group>"; };
		975FB4D919AC58EB00B7D7E4 /* mapapi.bundle */ = {isa = PBXFileReference; lastKnownFileType = "wrapper.plug-in"; path = mapapi.bundle; sourceTree = "<group>"; };
		975FB4DB19AC58EB00B7D7E4 /* libbaidumapapi.a */ = {isa = PBXFileReference; lastKnownFileType = archive.ar; path = libbaidumapapi.a; sourceTree = "<group>"; };
		975FB4E219AC5D3900B7D7E4 /* MyAnnotation.h */ = {isa = PBXFileReference; fileEncoding = 4; lastKnownFileType = sourcecode.c.h; name = MyAnnotation.h; path = FTMap/MyAnnotation.h; sourceTree = "<group>"; };
		975FB4E319AC5D3900B7D7E4 /* MyAnnotation.m */ = {isa = PBXFileReference; fileEncoding = 4; lastKnownFileType = sourcecode.c.objc; name = MyAnnotation.m; path = FTMap/MyAnnotation.m; sourceTree = "<group>"; };
		97600E7119A88A11005C9387 /* run1@2x.png */ = {isa = PBXFileReference; lastKnownFileType = image.png; path = "run1@2x.png"; sourceTree = "<group>"; };
		97600E7219A88A11005C9387 /* run2@2x.png */ = {isa = PBXFileReference; lastKnownFileType = image.png; path = "run2@2x.png"; sourceTree = "<group>"; };
		977B660F19A6E662003C308D /* DownloadView.h */ = {isa = PBXFileReference; fileEncoding = 4; lastKnownFileType = sourcecode.c.h; name = DownloadView.h; path = FTUIView/DownloadView.h; sourceTree = "<group>"; };
		977B661019A6E662003C308D /* DownloadView.m */ = {isa = PBXFileReference; fileEncoding = 4; lastKnownFileType = sourcecode.c.objc; name = DownloadView.m; path = FTUIView/DownloadView.m; sourceTree = "<group>"; };
		9794F2FB19AB239F001EAF09 /* AnimationView.h */ = {isa = PBXFileReference; fileEncoding = 4; lastKnownFileType = sourcecode.c.h; path = AnimationView.h; sourceTree = "<group>"; };
		9794F2FC19AB239F001EAF09 /* AnimationView.m */ = {isa = PBXFileReference; fileEncoding = 4; lastKnownFileType = sourcecode.c.objc; path = AnimationView.m; sourceTree = "<group>"; };
		9794F2FE19AB240D001EAF09 /* DataPicker.h */ = {isa = PBXFileReference; fileEncoding = 4; lastKnownFileType = sourcecode.c.h; name = DataPicker.h; path = FTUIView/DataPicker.h; sourceTree = "<group>"; };
		9794F2FF19AB240D001EAF09 /* DataPicker.m */ = {isa = PBXFileReference; fileEncoding = 4; lastKnownFileType = sourcecode.c.objc; name = DataPicker.m; path = FTUIView/DataPicker.m; sourceTree = "<group>"; };
		97BE343C199EFAE600ED3450 /* Demo.app */ = {isa = PBXFileReference; explicitFileType = wrapper.application; includeInIndex = 0; path = Demo.app; sourceTree = BUILT_PRODUCTS_DIR; };
		97BE343F199EFAE600ED3450 /* Foundation.framework */ = {isa = PBXFileReference; lastKnownFileType = wrapper.framework; name = Foundation.framework; path = System/Library/Frameworks/Foundation.framework; sourceTree = SDKROOT; };
		97BE3441199EFAE600ED3450 /* CoreGraphics.framework */ = {isa = PBXFileReference; lastKnownFileType = wrapper.framework; name = CoreGraphics.framework; path = System/Library/Frameworks/CoreGraphics.framework; sourceTree = SDKROOT; };
		97BE3443199EFAE600ED3450 /* UIKit.framework */ = {isa = PBXFileReference; lastKnownFileType = wrapper.framework; name = UIKit.framework; path = System/Library/Frameworks/UIKit.framework; sourceTree = SDKROOT; };
		97BE3447199EFAE600ED3450 /* Demo-Info.plist */ = {isa = PBXFileReference; lastKnownFileType = text.plist.xml; path = "Demo-Info.plist"; sourceTree = "<group>"; };
		97BE3449199EFAE600ED3450 /* en */ = {isa = PBXFileReference; lastKnownFileType = text.plist.strings; name = en; path = en.lproj/InfoPlist.strings; sourceTree = "<group>"; };
		97BE344B199EFAE600ED3450 /* main.m */ = {isa = PBXFileReference; lastKnownFileType = sourcecode.c.objc; path = main.m; sourceTree = "<group>"; };
		97BE344D199EFAE600ED3450 /* Demo-Prefix.pch */ = {isa = PBXFileReference; lastKnownFileType = sourcecode.c.h; path = "Demo-Prefix.pch"; sourceTree = "<group>"; };
		97BE344E199EFAE600ED3450 /* SYAppDelegate.h */ = {isa = PBXFileReference; lastKnownFileType = sourcecode.c.h; path = SYAppDelegate.h; sourceTree = "<group>"; };
		97BE344F199EFAE600ED3450 /* SYAppDelegate.m */ = {isa = PBXFileReference; lastKnownFileType = sourcecode.c.objc; path = SYAppDelegate.m; sourceTree = "<group>"; };
		97BE3451199EFAE600ED3450 /* Images.xcassets */ = {isa = PBXFileReference; lastKnownFileType = folder.assetcatalog; path = Images.xcassets; sourceTree = "<group>"; };
		97BE3457199EFAE600ED3450 /* DemoTests.xctest */ = {isa = PBXFileReference; explicitFileType = wrapper.cfbundle; includeInIndex = 0; path = DemoTests.xctest; sourceTree = BUILT_PRODUCTS_DIR; };
		97BE3458199EFAE600ED3450 /* XCTest.framework */ = {isa = PBXFileReference; lastKnownFileType = wrapper.framework; name = XCTest.framework; path = Library/Frameworks/XCTest.framework; sourceTree = DEVELOPER_DIR; };
		97BE3460199EFAE600ED3450 /* DemoTests-Info.plist */ = {isa = PBXFileReference; lastKnownFileType = text.plist.xml; path = "DemoTests-Info.plist"; sourceTree = "<group>"; };
		97BE3462199EFAE600ED3450 /* en */ = {isa = PBXFileReference; lastKnownFileType = text.plist.strings; name = en; path = en.lproj/InfoPlist.strings; sourceTree = "<group>"; };
		97BE3464199EFAE600ED3450 /* DemoTests.m */ = {isa = PBXFileReference; lastKnownFileType = sourcecode.c.objc; path = DemoTests.m; sourceTree = "<group>"; };
		97BE3471199EFEB000ED3450 /* RootViewController.h */ = {isa = PBXFileReference; fileEncoding = 4; lastKnownFileType = sourcecode.c.h; path = RootViewController.h; sourceTree = "<group>"; };
		97BE3472199EFEB000ED3450 /* RootViewController.mm */ = {isa = PBXFileReference; fileEncoding = 4; lastKnownFileType = sourcecode.cpp.objcpp; path = RootViewController.mm; sourceTree = "<group>"; };
		97BE3474199F212900ED3450 /* CircleView.h */ = {isa = PBXFileReference; fileEncoding = 4; lastKnownFileType = sourcecode.c.h; path = CircleView.h; sourceTree = "<group>"; };
		97BE3475199F212900ED3450 /* CircleView.m */ = {isa = PBXFileReference; fileEncoding = 4; lastKnownFileType = sourcecode.c.objc; path = CircleView.m; sourceTree = "<group>"; };
		97DC27C319A1C77900EF8256 /* FMDatabase.h */ = {isa = PBXFileReference; fileEncoding = 4; lastKnownFileType = sourcecode.c.h; path = FMDatabase.h; sourceTree = "<group>"; };
		97DC27C419A1C77900EF8256 /* FMDatabase.m */ = {isa = PBXFileReference; fileEncoding = 4; lastKnownFileType = sourcecode.c.objc; path = FMDatabase.m; sourceTree = "<group>"; };
		97DC27C519A1C77900EF8256 /* FMDatabaseAdditions.h */ = {isa = PBXFileReference; fileEncoding = 4; lastKnownFileType = sourcecode.c.h; path = FMDatabaseAdditions.h; sourceTree = "<group>"; };
		97DC27C619A1C77900EF8256 /* FMDatabaseAdditions.m */ = {isa = PBXFileReference; fileEncoding = 4; lastKnownFileType = sourcecode.c.objc; path = FMDatabaseAdditions.m; sourceTree = "<group>"; };
		97DC27C719A1C77900EF8256 /* FMDatabasePool.h */ = {isa = PBXFileReference; fileEncoding = 4; lastKnownFileType = sourcecode.c.h; path = FMDatabasePool.h; sourceTree = "<group>"; };
		97DC27C819A1C77900EF8256 /* FMDatabasePool.m */ = {isa = PBXFileReference; fileEncoding = 4; lastKnownFileType = sourcecode.c.objc; path = FMDatabasePool.m; sourceTree = "<group>"; };
		97DC27C919A1C77900EF8256 /* FMDatabaseQueue.h */ = {isa = PBXFileReference; fileEncoding = 4; lastKnownFileType = sourcecode.c.h; path = FMDatabaseQueue.h; sourceTree = "<group>"; };
		97DC27CA19A1C77900EF8256 /* FMDatabaseQueue.m */ = {isa = PBXFileReference; fileEncoding = 4; lastKnownFileType = sourcecode.c.objc; path = FMDatabaseQueue.m; sourceTree = "<group>"; };
		97DC27CB19A1C77900EF8256 /* FMResultSet.h */ = {isa = PBXFileReference; fileEncoding = 4; lastKnownFileType = sourcecode.c.h; path = FMResultSet.h; sourceTree = "<group>"; };
		97DC27CC19A1C77900EF8256 /* FMResultSet.m */ = {isa = PBXFileReference; fileEncoding = 4; lastKnownFileType = sourcecode.c.objc; path = FMResultSet.m; sourceTree = "<group>"; };
		97DC27DC19A1D8C300EF8256 /* NewsViewController.h */ = {isa = PBXFileReference; fileEncoding = 4; lastKnownFileType = sourcecode.c.h; path = NewsViewController.h; sourceTree = "<group>"; };
		97DC27DD19A1D8C300EF8256 /* NewsViewController.m */ = {isa = PBXFileReference; fileEncoding = 4; lastKnownFileType = sourcecode.c.objc; path = NewsViewController.m; sourceTree = "<group>"; };
		97DC27DF19A1DBFF00EF8256 /* libsqlite3.0.dylib */ = {isa = PBXFileReference; lastKnownFileType = "compiled.mach-o.dylib"; name = libsqlite3.0.dylib; path = usr/lib/libsqlite3.0.dylib; sourceTree = SDKROOT; };
		97DC27E519A1E25000EF8256 /* LICENSE */ = {isa = PBXFileReference; fileEncoding = 4; lastKnownFileType = text; path = LICENSE; sourceTree = "<group>"; };
		97DC27E619A1E25000EF8256 /* README.md */ = {isa = PBXFileReference; fileEncoding = 4; lastKnownFileType = text; path = README.md; sourceTree = "<group>"; };
		97DC27E719A1E25000EF8256 /* SDImageCache.h */ = {isa = PBXFileReference; fileEncoding = 4; lastKnownFileType = sourcecode.c.h; path = SDImageCache.h; sourceTree = "<group>"; };
		97DC27E819A1E25000EF8256 /* SDImageCache.m */ = {isa = PBXFileReference; fileEncoding = 4; lastKnownFileType = sourcecode.c.objc; path = SDImageCache.m; sourceTree = "<group>"; };
		97DC27E919A1E25000EF8256 /* SDImageCacheDelegate.h */ = {isa = PBXFileReference; fileEncoding = 4; lastKnownFileType = sourcecode.c.h; path = SDImageCacheDelegate.h; sourceTree = "<group>"; };
		97DC27EA19A1E25000EF8256 /* SDWebImageCompat.h */ = {isa = PBXFileReference; fileEncoding = 4; lastKnownFileType = sourcecode.c.h; path = SDWebImageCompat.h; sourceTree = "<group>"; };
		97DC27EB19A1E25000EF8256 /* SDWebImageDecoder.h */ = {isa = PBXFileReference; fileEncoding = 4; lastKnownFileType = sourcecode.c.h; path = SDWebImageDecoder.h; sourceTree = "<group>"; };
		97DC27EC19A1E25000EF8256 /* SDWebImageDecoder.m */ = {isa = PBXFileReference; fileEncoding = 4; lastKnownFileType = sourcecode.c.objc; path = SDWebImageDecoder.m; sourceTree = "<group>"; };
		97DC27ED19A1E25000EF8256 /* SDWebImageDownloader.h */ = {isa = PBXFileReference; fileEncoding = 4; lastKnownFileType = sourcecode.c.h; path = SDWebImageDownloader.h; sourceTree = "<group>"; };
		97DC27EE19A1E25000EF8256 /* SDWebImageDownloader.m */ = {isa = PBXFileReference; fileEncoding = 4; lastKnownFileType = sourcecode.c.objc; path = SDWebImageDownloader.m; sourceTree = "<group>"; };
		97DC27EF19A1E25000EF8256 /* SDWebImageDownloaderDelegate.h */ = {isa = PBXFileReference; fileEncoding = 4; lastKnownFileType = sourcecode.c.h; path = SDWebImageDownloaderDelegate.h; sourceTree = "<group>"; };
		97DC27F019A1E25000EF8256 /* SDWebImageManager.h */ = {isa = PBXFileReference; fileEncoding = 4; lastKnownFileType = sourcecode.c.h; path = SDWebImageManager.h; sourceTree = "<group>"; };
		97DC27F119A1E25000EF8256 /* SDWebImageManager.m */ = {isa = PBXFileReference; fileEncoding = 4; lastKnownFileType = sourcecode.c.objc; path = SDWebImageManager.m; sourceTree = "<group>"; };
		97DC27F219A1E25000EF8256 /* SDWebImageManagerDelegate.h */ = {isa = PBXFileReference; fileEncoding = 4; lastKnownFileType = sourcecode.c.h; path = SDWebImageManagerDelegate.h; sourceTree = "<group>"; };
		97DC27F319A1E25000EF8256 /* SDWebImagePrefetcher.h */ = {isa = PBXFileReference; fileEncoding = 4; lastKnownFileType = sourcecode.c.h; path = SDWebImagePrefetcher.h; sourceTree = "<group>"; };
		97DC27F419A1E25000EF8256 /* SDWebImagePrefetcher.m */ = {isa = PBXFileReference; fileEncoding = 4; lastKnownFileType = sourcecode.c.objc; path = SDWebImagePrefetcher.m; sourceTree = "<group>"; };
		97DC27F519A1E25000EF8256 /* UIButton+WebCache.h */ = {isa = PBXFileReference; fileEncoding = 4; lastKnownFileType = sourcecode.c.h; path = "UIButton+WebCache.h"; sourceTree = "<group>"; };
		97DC27F619A1E25000EF8256 /* UIButton+WebCache.m */ = {isa = PBXFileReference; fileEncoding = 4; lastKnownFileType = sourcecode.c.objc; path = "UIButton+WebCache.m"; sourceTree = "<group>"; };
		97DC27F719A1E25000EF8256 /* UIImageView+WebCache.h */ = {isa = PBXFileReference; fileEncoding = 4; lastKnownFileType = sourcecode.c.h; path = "UIImageView+WebCache.h"; sourceTree = "<group>"; };
		97DC27F819A1E25000EF8256 /* UIImageView+WebCache.m */ = {isa = PBXFileReference; fileEncoding = 4; lastKnownFileType = sourcecode.c.objc; path = "UIImageView+WebCache.m"; sourceTree = "<group>"; };
/* End PBXFileReference section */

/* Begin PBXFrameworksBuildPhase section */
		97BE3439199EFAE600ED3450 /* Frameworks */ = {
			isa = PBXFrameworksBuildPhase;
			buildActionMask = 2147483647;
			files = (
				975FB45C19AC57C000B7D7E4 /* QuartzCore.framework in Frameworks */,
				975FB45A19AC57B200B7D7E4 /* CoreLocation.framework in Frameworks */,
				975FB45819AC57A300B7D7E4 /* OpenGLES.framework in Frameworks */,
				975FB45619AC579700B7D7E4 /* SystemConfiguration.framework in Frameworks */,
				975FB45419AC578C00B7D7E4 /* Security.framework in Frameworks */,
				97DC27E019A1DBFF00EF8256 /* libsqlite3.0.dylib in Frameworks */,
				97BE3442199EFAE600ED3450 /* CoreGraphics.framework in Frameworks */,
				975FB4DD19AC58EB00B7D7E4 /* libbaidumapapi.a in Frameworks */,
				97BE3444199EFAE600ED3450 /* UIKit.framework in Frameworks */,
				97BE3440199EFAE600ED3450 /* Foundation.framework in Frameworks */,
			);
			runOnlyForDeploymentPostprocessing = 0;
		};
		97BE3454199EFAE600ED3450 /* Frameworks */ = {
			isa = PBXFrameworksBuildPhase;
			buildActionMask = 2147483647;
			files = (
				97BE3459199EFAE600ED3450 /* XCTest.framework in Frameworks */,
				97BE345B199EFAE600ED3450 /* UIKit.framework in Frameworks */,
				97BE345A199EFAE600ED3450 /* Foundation.framework in Frameworks */,
			);
			runOnlyForDeploymentPostprocessing = 0;
		};
/* End PBXFrameworksBuildPhase section */

/* Begin PBXGroup section */
		9749ECA819A1EB0200333B3E /* FTEntity */ = {
			isa = PBXGroup;
			children = (
				9749ECA919A1EB0200333B3E /* NewsMode.h */,
				9749ECAA19A1EB0200333B3E /* NewsMode.m */,
			);
			path = FTEntity;
			sourceTree = "<group>";
		};
		9749ECAB19A1EB0200333B3E /* FTUIView */ = {
			isa = PBXGroup;
			children = (
				9749ECAC19A1EB0200333B3E /* DataBase.h */,
				9749ECAD19A1EB0200333B3E /* DataBase.m */,
				9749ECB219A1EB0200333B3E /* NewsCell.h */,
				9749ECB319A1EB0200333B3E /* NewsCell.m */,
			);
			path = FTUIView;
			sourceTree = "<group>";
		};
		9749ECB919A1EC2B00333B3E /* FTNetwork */ = {
			isa = PBXGroup;
			children = (
				9749ECBA19A1EC2B00333B3E /* DownLoad.h */,
				9749ECBB19A1EC2B00333B3E /* DownLoad.m */,
				9749ECBC19A1EC2B00333B3E /* DownLoadManager.h */,
				9749ECBD19A1EC2B00333B3E /* DownLoadManager.m */,
			);
			path = FTNetwork;
			sourceTree = "<group>";
		};
		975FB49D19AC58EB00B7D7E4 /* inc */ = {
			isa = PBXGroup;
			children = (
				975FB49E19AC58EB00B7D7E4 /* BMapKit.h */,
				975FB49F19AC58EB00B7D7E4 /* BMKActionPaopaoView.h */,
				975FB4A019AC58EB00B7D7E4 /* BMKAnnotation.h */,
				975FB4A119AC58EB00B7D7E4 /* BMKAnnotationView.h */,
				975FB4A219AC58EB00B7D7E4 /* BMKArcline.h */,
				975FB4A319AC58EB00B7D7E4 /* BMKArclineView.h */,
				975FB4A419AC58EB00B7D7E4 /* BMKBaseComponent.h */,
				975FB4A519AC58EB00B7D7E4 /* BMKBusLineSearch.h */,
				975FB4A619AC58EB00B7D7E4 /* BMKBusLineSearchOption.h */,
				975FB4A719AC58EB00B7D7E4 /* BMKCircle.h */,
				975FB4A819AC58EB00B7D7E4 /* BMKCircleView.h */,
				975FB4A919AC58EB00B7D7E4 /* BMKCloudPOIList.h */,
				975FB4AA19AC58EB00B7D7E4 /* BMKCloudSearch.h */,
				975FB4AB19AC58EB00B7D7E4 /* BMKCloudSearchComponent.h */,
				975FB4AC19AC58EB00B7D7E4 /* BMKCloudSearchInfo.h */,
				975FB4AD19AC58EB00B7D7E4 /* BMKGeneralDelegate.h */,
				975FB4AE19AC58EB00B7D7E4 /* BMKGeocodeSearch.h */,
				975FB4AF19AC58EB00B7D7E4 /* BMKGeocodeSearchOption.h */,
				975FB4B019AC58EB00B7D7E4 /* BMKGeocodeType.h */,
				975FB4B119AC58EB00B7D7E4 /* BMKGeometry.h */,
				975FB4B219AC58EB00B7D7E4 /* BMKGroundOverlay.h */,
				975FB4B319AC58EB00B7D7E4 /* BMKGroundOverlayView.h */,
				975FB4B419AC58EB00B7D7E4 /* BMKLocationComponent.h */,
				975FB4B519AC58EB00B7D7E4 /* BMKLocationService.h */,
				975FB4B619AC58EB00B7D7E4 /* BMKLocationViewDisplayParam.h */,
				975FB4B719AC58EB00B7D7E4 /* BMKMapComponent.h */,
				975FB4B819AC58EB00B7D7E4 /* BMKMapManager.h */,
				975FB4B919AC58EB00B7D7E4 /* BMKMapStatus.h */,
				975FB4BA19AC58EB00B7D7E4 /* BMKMapView.h */,
				975FB4BB19AC58EB00B7D7E4 /* BMKMultiPoint.h */,
				975FB4BC19AC58EB00B7D7E4 /* BMKNavigation.h */,
				975FB4BD19AC58EB00B7D7E4 /* BMKOfflineMap.h */,
				975FB4BE19AC58EB00B7D7E4 /* BMKOfflineMapType.h */,
				975FB4BF19AC58EB00B7D7E4 /* BMKOverlay.h */,
				975FB4C019AC58EB00B7D7E4 /* BMKOverlayGLBasicView.h */,
				975FB4C119AC58EB00B7D7E4 /* BMKOverlayPathView.h */,
				975FB4C219AC58EB00B7D7E4 /* BMKOverlayView.h */,
				975FB4C319AC58EB00B7D7E4 /* BMKPinAnnotationView.h */,
				975FB4C419AC58EB00B7D7E4 /* BMKPointAnnotation.h */,
				975FB4C519AC58EB00B7D7E4 /* BMKPoiSearch.h */,
				975FB4C619AC58EB00B7D7E4 /* BMKPoiSearchOption.h */,
				975FB4C719AC58EB00B7D7E4 /* BMKPoiSearchType.h */,
				975FB4C819AC58EB00B7D7E4 /* BMKPolygon.h */,
				975FB4C919AC58EB00B7D7E4 /* BMKPolygonView.h */,
				975FB4CA19AC58EB00B7D7E4 /* BMKPolyline.h */,
				975FB4CB19AC58EB00B7D7E4 /* BMKPolylineView.h */,
				975FB4CC19AC58EB00B7D7E4 /* BMKRouteSearch.h */,
				975FB4CD19AC58EB00B7D7E4 /* BMKRouteSearchOption.h */,
				975FB4CE19AC58EB00B7D7E4 /* BMKRouteSearchType.h */,
				975FB4CF19AC58EB00B7D7E4 /* BMKSearchComponent.h */,
				975FB4D019AC58EB00B7D7E4 /* BMKShape.h */,
				975FB4D119AC58EB00B7D7E4 /* BMKShareURLSearch.h */,
				975FB4D219AC58EB00B7D7E4 /* BMKShareUrlSearchOption.h */,
				975FB4D319AC58EB00B7D7E4 /* BMKSuggestionSearch.h */,
				975FB4D419AC58EB00B7D7E4 /* BMKSuggestionSearchOption.h */,
				975FB4D519AC58EB00B7D7E4 /* BMKTypes.h */,
				975FB4D619AC58EB00B7D7E4 /* BMKUserLocation.h */,
				975FB4D719AC58EB00B7D7E4 /* BMKUtilsComponent.h */,
				975FB4D819AC58EB00B7D7E4 /* BMKVersion.h */,
			);
			path = inc;
			sourceTree = "<group>";
		};
		975FB4DA19AC58EB00B7D7E4 /* Release-iphonesimulator */ = {
			isa = PBXGroup;
			children = (
				975FB4DB19AC58EB00B7D7E4 /* libbaidumapapi.a */,
			);
			path = "Release-iphonesimulator";
			sourceTree = "<group>";
		};
		975FB4DE19AC5C5B00B7D7E4 /* FTMap */ = {
			isa = PBXGroup;
			children = (
				975FB4E219AC5D3900B7D7E4 /* MyAnnotation.h */,
				975FB4E319AC5D3900B7D7E4 /* MyAnnotation.m */,
			);
			name = FTMap;
			sourceTree = "<group>";
		};
		97BE3433199EFAE600ED3450 = {
			isa = PBXGroup;
			children = (
				975FB49D19AC58EB00B7D7E4 /* inc */,
				975FB4D919AC58EB00B7D7E4 /* mapapi.bundle */,
				975FB4DA19AC58EB00B7D7E4 /* Release-iphonesimulator */,
				97600E7119A88A11005C9387 /* run1@2x.png */,
				97600E7219A88A11005C9387 /* run2@2x.png */,
				9749ECC019A1FEE100333B3E /* test.png */,
				9749ECB919A1EC2B00333B3E /* FTNetwork */,
				9749ECA819A1EB0200333B3E /* FTEntity */,
				9749ECAB19A1EB0200333B3E /* FTUIView */,
				975FB4DE19AC5C5B00B7D7E4 /* FTMap */,
				97DC27DC19A1D8C300EF8256 /* NewsViewController.h */,
				97DC27DD19A1D8C300EF8256 /* NewsViewController.m */,
				97BE3471199EFEB000ED3450 /* RootViewController.h */,
				97BE3472199EFEB000ED3450 /* RootViewController.mm */,
				9794F2FE19AB240D001EAF09 /* DataPicker.h */,
				9794F2FF19AB240D001EAF09 /* DataPicker.m */,
				977B660F19A6E662003C308D /* DownloadView.h */,
				977B661019A6E662003C308D /* DownloadView.m */,
				97BE3474199F212900ED3450 /* CircleView.h */,
				97BE3475199F212900ED3450 /* CircleView.m */,
				9794F2FB19AB239F001EAF09 /* AnimationView.h */,
				9794F2FC19AB239F001EAF09 /* AnimationView.m */,
				97DC27E419A1E25000EF8256 /* SDWebImage */,
				97DC27C219A1C77900EF8256 /* FMDB */,
				97BE3445199EFAE600ED3450 /* Demo */,
				97BE345E199EFAE600ED3450 /* DemoTests */,
				97BE343E199EFAE600ED3450 /* Frameworks */,
				97BE343D199EFAE600ED3450 /* Products */,
			);
			sourceTree = "<group>";
		};
		97BE343D199EFAE600ED3450 /* Products */ = {
			isa = PBXGroup;
			children = (
				97BE343C199EFAE600ED3450 /* Demo.app */,
				97BE3457199EFAE600ED3450 /* DemoTests.xctest */,
			);
			name = Products;
			sourceTree = "<group>";
		};
		97BE343E199EFAE600ED3450 /* Frameworks */ = {
			isa = PBXGroup;
			children = (
				975FB45B19AC57C000B7D7E4 /* QuartzCore.framework */,
				975FB45919AC57B200B7D7E4 /* CoreLocation.framework */,
				975FB45719AC57A300B7D7E4 /* OpenGLES.framework */,
				975FB45519AC579700B7D7E4 /* SystemConfiguration.framework */,
				975FB45319AC578C00B7D7E4 /* Security.framework */,
				97DC27DF19A1DBFF00EF8256 /* libsqlite3.0.dylib */,
				97BE343F199EFAE600ED3450 /* Foundation.framework */,
				97BE3441199EFAE600ED3450 /* CoreGraphics.framework */,
				97BE3443199EFAE600ED3450 /* UIKit.framework */,
				97BE3458199EFAE600ED3450 /* XCTest.framework */,
			);
			name = Frameworks;
			sourceTree = "<group>";
		};
		97BE3445199EFAE600ED3450 /* Demo */ = {
			isa = PBXGroup;
			children = (
				97BE344E199EFAE600ED3450 /* SYAppDelegate.h */,
				97BE344F199EFAE600ED3450 /* SYAppDelegate.m */,
				97BE3451199EFAE600ED3450 /* Images.xcassets */,
				97BE3446199EFAE600ED3450 /* Supporting Files */,
			);
			path = Demo;
			sourceTree = "<group>";
		};
		97BE3446199EFAE600ED3450 /* Supporting Files */ = {
			isa = PBXGroup;
			children = (
				97BE3447199EFAE600ED3450 /* Demo-Info.plist */,
				97BE3448199EFAE600ED3450 /* InfoPlist.strings */,
				97BE344B199EFAE600ED3450 /* main.m */,
				97BE344D199EFAE600ED3450 /* Demo-Prefix.pch */,
			);
			name = "Supporting Files";
			sourceTree = "<group>";
		};
		97BE345E199EFAE600ED3450 /* DemoTests */ = {
			isa = PBXGroup;
			children = (
				97BE3464199EFAE600ED3450 /* DemoTests.m */,
				97BE345F199EFAE600ED3450 /* Supporting Files */,
			);
			path = DemoTests;
			sourceTree = "<group>";
		};
		97BE345F199EFAE600ED3450 /* Supporting Files */ = {
			isa = PBXGroup;
			children = (
				97BE3460199EFAE600ED3450 /* DemoTests-Info.plist */,
				97BE3461199EFAE600ED3450 /* InfoPlist.strings */,
			);
			name = "Supporting Files";
			sourceTree = "<group>";
		};
		97DC27C219A1C77900EF8256 /* FMDB */ = {
			isa = PBXGroup;
			children = (
				97DC27C319A1C77900EF8256 /* FMDatabase.h */,
				97DC27C419A1C77900EF8256 /* FMDatabase.m */,
				97DC27C519A1C77900EF8256 /* FMDatabaseAdditions.h */,
				97DC27C619A1C77900EF8256 /* FMDatabaseAdditions.m */,
				97DC27C719A1C77900EF8256 /* FMDatabasePool.h */,
				97DC27C819A1C77900EF8256 /* FMDatabasePool.m */,
				97DC27C919A1C77900EF8256 /* FMDatabaseQueue.h */,
				97DC27CA19A1C77900EF8256 /* FMDatabaseQueue.m */,
				97DC27CB19A1C77900EF8256 /* FMResultSet.h */,
				97DC27CC19A1C77900EF8256 /* FMResultSet.m */,
			);
			path = FMDB;
			sourceTree = "<group>";
		};
		97DC27E419A1E25000EF8256 /* SDWebImage */ = {
			isa = PBXGroup;
			children = (
				97DC27E519A1E25000EF8256 /* LICENSE */,
				97DC27E619A1E25000EF8256 /* README.md */,
				97DC27E719A1E25000EF8256 /* SDImageCache.h */,
				97DC27E819A1E25000EF8256 /* SDImageCache.m */,
				97DC27E919A1E25000EF8256 /* SDImageCacheDelegate.h */,
				97DC27EA19A1E25000EF8256 /* SDWebImageCompat.h */,
				97DC27EB19A1E25000EF8256 /* SDWebImageDecoder.h */,
				97DC27EC19A1E25000EF8256 /* SDWebImageDecoder.m */,
				97DC27ED19A1E25000EF8256 /* SDWebImageDownloader.h */,
				97DC27EE19A1E25000EF8256 /* SDWebImageDownloader.m */,
				97DC27EF19A1E25000EF8256 /* SDWebImageDownloaderDelegate.h */,
				97DC27F019A1E25000EF8256 /* SDWebImageManager.h */,
				97DC27F119A1E25000EF8256 /* SDWebImageManager.m */,
				97DC27F219A1E25000EF8256 /* SDWebImageManagerDelegate.h */,
				97DC27F319A1E25000EF8256 /* SDWebImagePrefetcher.h */,
				97DC27F419A1E25000EF8256 /* SDWebImagePrefetcher.m */,
				97DC27F519A1E25000EF8256 /* UIButton+WebCache.h */,
				97DC27F619A1E25000EF8256 /* UIButton+WebCache.m */,
				97DC27F719A1E25000EF8256 /* UIImageView+WebCache.h */,
				97DC27F819A1E25000EF8256 /* UIImageView+WebCache.m */,
			);
			name = SDWebImage;
			path = "../../Desktop/怀挺！/Description/第三方库/SDWebImage";
			sourceTree = "<group>";
		};
/* End PBXGroup section */

/* Begin PBXNativeTarget section */
		97BE343B199EFAE600ED3450 /* Demo */ = {
			isa = PBXNativeTarget;
			buildConfigurationList = 97BE3468199EFAE600ED3450 /* Build configuration list for PBXNativeTarget "Demo" */;
			buildPhases = (
				97BE3438199EFAE600ED3450 /* Sources */,
				97BE3439199EFAE600ED3450 /* Frameworks */,
				97BE343A199EFAE600ED3450 /* Resources */,
			);
			buildRules = (
			);
			dependencies = (
			);
			name = Demo;
			productName = Demo;
			productReference = 97BE343C199EFAE600ED3450 /* Demo.app */;
			productType = "com.apple.product-type.application";
		};
		97BE3456199EFAE600ED3450 /* DemoTests */ = {
			isa = PBXNativeTarget;
			buildConfigurationList = 97BE346B199EFAE600ED3450 /* Build configuration list for PBXNativeTarget "DemoTests" */;
			buildPhases = (
				97BE3453199EFAE600ED3450 /* Sources */,
				97BE3454199EFAE600ED3450 /* Frameworks */,
				97BE3455199EFAE600ED3450 /* Resources */,
			);
			buildRules = (
			);
			dependencies = (
				97BE345D199EFAE600ED3450 /* PBXTargetDependency */,
			);
			name = DemoTests;
			productName = DemoTests;
			productReference = 97BE3457199EFAE600ED3450 /* DemoTests.xctest */;
			productType = "com.apple.product-type.bundle.unit-test";
		};
/* End PBXNativeTarget section */

/* Begin PBXProject section */
		97BE3434199EFAE600ED3450 /* Project object */ = {
			isa = PBXProject;
			attributes = {
				CLASSPREFIX = SY;
				LastUpgradeCheck = 0500;
				ORGANIZATIONNAME = SYAN;
				TargetAttributes = {
					97BE3456199EFAE600ED3450 = {
						TestTargetID = 97BE343B199EFAE600ED3450;
					};
				};
			};
			buildConfigurationList = 97BE3437199EFAE600ED3450 /* Build configuration list for PBXProject "Demo" */;
			compatibilityVersion = "Xcode 3.2";
			developmentRegion = English;
			hasScannedForEncodings = 0;
			knownRegions = (
				en,
			);
			mainGroup = 97BE3433199EFAE600ED3450;
			productRefGroup = 97BE343D199EFAE600ED3450 /* Products */;
			projectDirPath = "";
			projectRoot = "";
			targets = (
				97BE343B199EFAE600ED3450 /* Demo */,
				97BE3456199EFAE600ED3450 /* DemoTests */,
			);
		};
/* End PBXProject section */

/* Begin PBXResourcesBuildPhase section */
		97BE343A199EFAE600ED3450 /* Resources */ = {
			isa = PBXResourcesBuildPhase;
			buildActionMask = 2147483647;
			files = (
				97DC27F919A1E25000EF8256 /* LICENSE in Resources */,
				97BE344A199EFAE600ED3450 /* InfoPlist.strings in Resources */,
				9749ECC119A1FEE100333B3E /* test.png in Resources */,
				97600E7419A88A11005C9387 /* run2@2x.png in Resources */,
				97DC27FA19A1E25000EF8256 /* README.md in Resources */,
				975FB4DC19AC58EB00B7D7E4 /* mapapi.bundle in Resources */,
				97600E7319A88A11005C9387 /* run1@2x.png in Resources */,
				97BE3452199EFAE600ED3450 /* Images.xcassets in Resources */,
			);
			runOnlyForDeploymentPostprocessing = 0;
		};
		97BE3455199EFAE600ED3450 /* Resources */ = {
			isa = PBXResourcesBuildPhase;
			buildActionMask = 2147483647;
			files = (
				97BE3463199EFAE600ED3450 /* InfoPlist.strings in Resources */,
			);
			runOnlyForDeploymentPostprocessing = 0;
		};
/* End PBXResourcesBuildPhase section */

/* Begin PBXSourcesBuildPhase section */
		97BE3438199EFAE600ED3450 /* Sources */ = {
			isa = PBXSourcesBuildPhase;
			buildActionMask = 2147483647;
			files = (
				975FB4E419AC5D3900B7D7E4 /* MyAnnotation.m in Sources */,
				97DC280119A1E25000EF8256 /* UIImageView+WebCache.m in Sources */,
				9749ECBF19A1EC2B00333B3E /* DownLoadManager.m in Sources */,
				9749ECB419A1EB0200333B3E /* NewsMode.m in Sources */,
				97BE3450199EFAE600ED3450 /* SYAppDelegate.m in Sources */,
				97DC27FF19A1E25000EF8256 /* SDWebImagePrefetcher.m in Sources */,
				9749ECBE19A1EC2B00333B3E /* DownLoad.m in Sources */,
				97BE3476199F212900ED3450 /* CircleView.m in Sources */,
				97DC27CD19A1C77900EF8256 /* FMDatabase.m in Sources */,
				97DC280019A1E25000EF8256 /* UIButton+WebCache.m in Sources */,
				97DC27D119A1C77900EF8256 /* FMResultSet.m in Sources */,
				97DC27FC19A1E25000EF8256 /* SDWebImageDecoder.m in Sources */,
				977B661119A6E663003C308D /* DownloadView.m in Sources */,
				97DC27FB19A1E25000EF8256 /* SDImageCache.m in Sources */,
				97BE344C199EFAE600ED3450 /* main.m in Sources */,
				97DC27FD19A1E25000EF8256 /* SDWebImageDownloader.m in Sources */,
				97DC27CF19A1C77900EF8256 /* FMDatabasePool.m in Sources */,
				97DC27CE19A1C77900EF8256 /* FMDatabaseAdditions.m in Sources */,
				97BE3473199EFEB000ED3450 /* RootViewController.mm in Sources */,
				9794F30019AB240D001EAF09 /* DataPicker.m in Sources */,
				9749ECB819A1EB0200333B3E /* NewsCell.m in Sources */,
				9749ECB519A1EB0200333B3E /* DataBase.m in Sources */,
				97DC27FE19A1E25000EF8256 /* SDWebImageManager.m in Sources */,
				9794F2FD19AB239F001EAF09 /* AnimationView.m in Sources */,
				97DC27D019A1C77900EF8256 /* FMDatabaseQueue.m in Sources */,
				97DC27DE19A1D8C300EF8256 /* NewsViewController.m in Sources */,
			);
			runOnlyForDeploymentPostprocessing = 0;
		};
		97BE3453199EFAE600ED3450 /* Sources */ = {
			isa = PBXSourcesBuildPhase;
			buildActionMask = 2147483647;
			files = (
				97BE3465199EFAE600ED3450 /* DemoTests.m in Sources */,
			);
			runOnlyForDeploymentPostprocessing = 0;
		};
/* End PBXSourcesBuildPhase section */

/* Begin PBXTargetDependency section */
		97BE345D199EFAE600ED3450 /* PBXTargetDependency */ = {
			isa = PBXTargetDependency;
			target = 97BE343B199EFAE600ED3450 /* Demo */;
			targetProxy = 97BE345C199EFAE600ED3450 /* PBXContainerItemProxy */;
		};
/* End PBXTargetDependency section */

/* Begin PBXVariantGroup section */
		97BE3448199EFAE600ED3450 /* InfoPlist.strings */ = {
			isa = PBXVariantGroup;
			children = (
				97BE3449199EFAE600ED3450 /* en */,
			);
			name = InfoPlist.strings;
			sourceTree = "<group>";
		};
		97BE3461199EFAE600ED3450 /* InfoPlist.strings */ = {
			isa = PBXVariantGroup;
			children = (
				97BE3462199EFAE600ED3450 /* en */,
			);
			name = InfoPlist.strings;
			sourceTree = "<group>";
		};
/* End PBXVariantGroup section */

/* Begin XCBuildConfiguration section */
		97BE3466199EFAE600ED3450 /* Debug */ = {
			isa = XCBuildConfiguration;
			buildSettings = {
				ALWAYS_SEARCH_USER_PATHS = NO;
				ARCHS = "$(ARCHS_STANDARD_INCLUDING_64_BIT)";
				CLANG_CXX_LANGUAGE_STANDARD = "gnu++0x";
				CLANG_CXX_LIBRARY = "libc++";
				CLANG_ENABLE_MODULES = YES;
				CLANG_ENABLE_OBJC_ARC = YES;
				CLANG_WARN_BOOL_CONVERSION = YES;
				CLANG_WARN_CONSTANT_CONVERSION = YES;
				CLANG_WARN_DIRECT_OBJC_ISA_USAGE = YES_ERROR;
				CLANG_WARN_EMPTY_BODY = YES;
				CLANG_WARN_ENUM_CONVERSION = YES;
				CLANG_WARN_INT_CONVERSION = YES;
				CLANG_WARN_OBJC_ROOT_CLASS = YES_ERROR;
				CLANG_WARN__DUPLICATE_METHOD_MATCH = YES;
				"CODE_SIGN_IDENTITY[sdk=iphoneos*]" = "iPhone Developer";
				COPY_PHASE_STRIP = NO;
				GCC_C_LANGUAGE_STANDARD = gnu99;
				GCC_DYNAMIC_NO_PIC = NO;
				GCC_OPTIMIZATION_LEVEL = 0;
				GCC_PREPROCESSOR_DEFINITIONS = (
					"DEBUG=1",
					"$(inherited)",
				);
				GCC_SYMBOLS_PRIVATE_EXTERN = NO;
				GCC_WARN_64_TO_32_BIT_CONVERSION = YES;
				GCC_WARN_ABOUT_RETURN_TYPE = YES_ERROR;
				GCC_WARN_UNDECLARED_SELECTOR = YES;
				GCC_WARN_UNINITIALIZED_AUTOS = YES;
				GCC_WARN_UNUSED_FUNCTION = YES;
				GCC_WARN_UNUSED_VARIABLE = YES;
				IPHONEOS_DEPLOYMENT_TARGET = 7.0;
				ONLY_ACTIVE_ARCH = YES;
				SDKROOT = iphoneos;
				TARGETED_DEVICE_FAMILY = "1,2";
			};
			name = Debug;
		};
		97BE3467199EFAE600ED3450 /* Release */ = {
			isa = XCBuildConfiguration;
			buildSettings = {
				ALWAYS_SEARCH_USER_PATHS = NO;
				ARCHS = "$(ARCHS_STANDARD_INCLUDING_64_BIT)";
				CLANG_CXX_LANGUAGE_STANDARD = "gnu++0x";
				CLANG_CXX_LIBRARY = "libc++";
				CLANG_ENABLE_MODULES = YES;
				CLANG_ENABLE_OBJC_ARC = YES;
				CLANG_WARN_BOOL_CONVERSION = YES;
				CLANG_WARN_CONSTANT_CONVERSION = YES;
				CLANG_WARN_DIRECT_OBJC_ISA_USAGE = YES_ERROR;
				CLANG_WARN_EMPTY_BODY = YES;
				CLANG_WARN_ENUM_CONVERSION = YES;
				CLANG_WARN_INT_CONVERSION = YES;
				CLANG_WARN_OBJC_ROOT_CLASS = YES_ERROR;
				CLANG_WARN__DUPLICATE_METHOD_MATCH = YES;
				"CODE_SIGN_IDENTITY[sdk=iphoneos*]" = "iPhone Developer";
				COPY_PHASE_STRIP = YES;
				ENABLE_NS_ASSERTIONS = NO;
				GCC_C_LANGUAGE_STANDARD = gnu99;
				GCC_WARN_64_TO_32_BIT_CONVERSION = YES;
				GCC_WARN_ABOUT_RETURN_TYPE = YES_ERROR;
				GCC_WARN_UNDECLARED_SELECTOR = YES;
				GCC_WARN_UNINITIALIZED_AUTOS = YES;
				GCC_WARN_UNUSED_FUNCTION = YES;
				GCC_WARN_UNUSED_VARIABLE = YES;
				IPHONEOS_DEPLOYMENT_TARGET = 7.0;
				SDKROOT = iphoneos;
				TARGETED_DEVICE_FAMILY = "1,2";
				VALIDATE_PRODUCT = YES;
			};
			name = Release;
		};
		97BE3469199EFAE600ED3450 /* Debug */ = {
			isa = XCBuildConfiguration;
			buildSettings = {
				ASSETCATALOG_COMPILER_APPICON_NAME = AppIcon;
				ASSETCATALOG_COMPILER_LAUNCHIMAGE_NAME = LaunchImage;
				GCC_PRECOMPILE_PREFIX_HEADER = YES;
				GCC_PREFIX_HEADER = "Demo/Demo-Prefix.pch";
				INFOPLIST_FILE = "Demo/Demo-Info.plist";
				LIBRARY_SEARCH_PATHS = (
					"$(inherited)",
					/Users/syan/workspace/Demo,
					"/Users/syan/workspace/Demo/Release-iphonesimulator",
				);
				OTHER_LDFLAGS = "-all_load";
				PRODUCT_NAME = "$(TARGET_NAME)";
				WRAPPER_EXTENSION = app;
			};
			name = Debug;
		};
		97BE346A199EFAE600ED3450 /* Release */ = {
			isa = XCBuildConfiguration;
			buildSettings = {
				ASSETCATALOG_COMPILER_APPICON_NAME = AppIcon;
				ASSETCATALOG_COMPILER_LAUNCHIMAGE_NAME = LaunchImage;
				GCC_PRECOMPILE_PREFIX_HEADER = YES;
				GCC_PREFIX_HEADER = "Demo/Demo-Prefix.pch";
				INFOPLIST_FILE = "Demo/Demo-Info.plist";
				LIBRARY_SEARCH_PATHS = (
					"$(inherited)",
					/Users/syan/workspace/Demo,
					"/Users/syan/workspace/Demo/Release-iphonesimulator",
				);
				OTHER_LDFLAGS = "-all_load";
				PRODUCT_NAME = "$(TARGET_NAME)";
				WRAPPER_EXTENSION = app;
			};
			name = Release;
		};
		97BE346C199EFAE600ED3450 /* Debug */ = {
			isa = XCBuildConfiguration;
			buildSettings = {
				ARCHS = "$(ARCHS_STANDARD_INCLUDING_64_BIT)";
				BUNDLE_LOADER = "$(BUILT_PRODUCTS_DIR)/Demo.app/Demo";
				FRAMEWORK_SEARCH_PATHS = (
					"$(SDKROOT)/Developer/Library/Frameworks",
					"$(inherited)",
					"$(DEVELOPER_FRAMEWORKS_DIR)",
				);
				GCC_PRECOMPILE_PREFIX_HEADER = YES;
				GCC_PREFIX_HEADER = "Demo/Demo-Prefix.pch";
				GCC_PREPROCESSOR_DEFINITIONS = (
					"DEBUG=1",
					"$(inherited)",
				);
				INFOPLIST_FILE = "DemoTests/DemoTests-Info.plist";
				PRODUCT_NAME = "$(TARGET_NAME)";
				TEST_HOST = "$(BUNDLE_LOADER)";
				WRAPPER_EXTENSION = xctest;
			};
			name = Debug;
		};
		97BE346D199EFAE600ED3450 /* Release */ = {
			isa = XCBuildConfiguration;
			buildSettings = {
				ARCHS = "$(ARCHS_STANDARD_INCLUDING_64_BIT)";
				BUNDLE_LOADER = "$(BUILT_PRODUCTS_DIR)/Demo.app/Demo";
				FRAMEWORK_SEARCH_PATHS = (
					"$(SDKROOT)/Developer/Library/Frameworks",
					"$(inherited)",
					"$(DEVELOPER_FRAMEWORKS_DIR)",
				);
				GCC_PRECOMPILE_PREFIX_HEADER = YES;
				GCC_PREFIX_HEADER = "Demo/Demo-Prefix.pch";
				INFOPLIST_FILE = "DemoTests/DemoTests-Info.plist";
				PRODUCT_NAME = "$(TARGET_NAME)";
				TEST_HOST = "$(BUNDLE_LOADER)";
				WRAPPER_EXTENSION = xctest;
			};
			name = Release;
		};
/* End XCBuildConfiguration section */

/* Begin XCConfigurationList section */
		97BE3437199EFAE600ED3450 /* Build configuration list for PBXProject "Demo" */ = {
			isa = XCConfigurationList;
			buildConfigurations = (
				97BE3466199EFAE600ED3450 /* Debug */,
				97BE3467199EFAE600ED3450 /* Release */,
			);
			defaultConfigurationIsVisible = 0;
			defaultConfigurationName = Release;
		};
		97BE3468199EFAE600ED3450 /* Build configuration list for PBXNativeTarget "Demo" */ = {
			isa = XCConfigurationList;
			buildConfigurations = (
				97BE3469199EFAE600ED3450 /* Debug */,
				97BE346A199EFAE600ED3450 /* Release */,
			);
			defaultConfigurationIsVisible = 0;
			defaultConfigurationName = Release;
		};
		97BE346B199EFAE600ED3450 /* Build configuration list for PBXNativeTarget "DemoTests" */ = {
			isa = XCConfigurationList;
			buildConfigurations = (
				97BE346C199EFAE600ED3450 /* Debug */,
				97BE346D199EFAE600ED3450 /* Release */,
			);
			defaultConfigurationIsVisible = 0;
			defaultConfigurationName = Release;
		};
/* End XCConfigurationList section */
	};
	rootObject = 97BE3434199EFAE600ED3450 /* Project object */;
}
